
Microsoft Visual Studio Solution File, Format Version 12.00
# Visual Studio Version 17
VisualStudioVersion = 17.0.31903.59
MinimumVisualStudioVersion = 10.0.40219.1
Project("{2150E333-8FDC-42A3-9474-1A3956D46DE8}") = "src", "src", "{827E0CD3-B72D-47B6-A68D-7590B98EB39B}"
EndProject
Project("{FAE04EC0-301F-11D3-BF4B-00C04F79EFBC}") = "Drm.Agent.Core", "src\Drm.Agent.Core\Drm.Agent.Core.csproj", "{211F0EB3-9FAB-477C-A02A-44912282A3A0}"
EndProject
Project("{FAE04EC0-301F-11D3-BF4B-00C04F79EFBC}") = "Drm.Domain", "src\Drm.Domain\Drm.Domain.csproj", "{9033079A-763D-412F-841D-09D57E537139}"
EndProject
Project("{FAE04EC0-301F-11D3-BF4B-00C04F79EFBC}") = "Drm.Crypto", "src\Drm.Crypto\Drm.Crypto.csproj", "{DC269C9B-D95F-404D-83FC-2783DF23BFE4}"
EndProject
Project("{FAE04EC0-301F-11D3-BF4B-00C04F79EFBC}") = "Drm.Container", "src\Drm.Container\Drm.Container.csproj", "{43A313DE-381A-486B-9CBE-E128B390A25A}"
EndProject
Project("{FAE04EC0-301F-11D3-BF4B-00C04F79EFBC}") = "Drm.Agent.Service.Windows", "src\Drm.Agent.Service.Windows\Drm.Agent.Service.Windows.csproj", "{F9EB3298-2973-4E31-85B7-D10F4DDC9082}"
EndProject
Project("{FAE04EC0-301F-11D3-BF4B-00C04F79EFBC}") = "Drm.Agent.Tray.Windows", "src\Drm.Agent.Tray.Windows\Drm.Agent.Tray.Windows.csproj", "{5F217F51-26C2-4E9D-9DD4-FFB9F0C176A0}"
EndProject
Project("{FAE04EC0-301F-11D3-BF4B-00C04F79EFBC}") = "Drm.Server", "src\Drm.Server\Drm.Server.csproj", "{28ECF69D-83E3-4D63-A163-34E772D04C57}"
EndProject
Project("{FAE04EC0-301F-11D3-BF4B-00C04F79EFBC}") = "Drm.Viewer.Windows", "src\Drm.Viewer.Windows\Drm.Viewer.Windows.csproj", "{E537BF3F-10FA-43A8-9018-1D5C489B1065}"
EndProject
Project("{2150E333-8FDC-42A3-9474-1A3956D46DE8}") = "tests", "tests", "{0AB3BF05-4346-4AA6-1389-037BE0695223}"
EndProject
Project("{FAE04EC0-301F-11D3-BF4B-00C04F79EFBC}") = "Drm.Agent.Core.Tests", "tests\Drm.Agent.Core.Tests\Drm.Agent.Core.Tests.csproj", "{73ABDE41-7616-485A-B5A6-8AAACCCE9059}"
EndProject
Project("{FAE04EC0-301F-11D3-BF4B-00C04F79EFBC}") = "Drm.Container.Tests", "tests\Drm.Container.Tests\Drm.Container.Tests.csproj", "{86BE9BB3-F7E9-41EE-B2C8-3F9E8B68CF2D}"
EndProject
Project("{FAE04EC0-301F-11D3-BF4B-00C04F79EFBC}") = "Drm.Crypto.Tests", "tests\Drm.Crypto.Tests\Drm.Crypto.Tests.csproj", "{A2719542-7BC1-4315-A4BF-214984B644B8}"
EndProject
Project("{FAE04EC0-301F-11D3-BF4B-00C04F79EFBC}") = "Drm.Domain.Tests", "tests\Drm.Domain.Tests\Drm.Domain.Tests.csproj", "{BC444703-D6B8-40EE-8DE3-72C7C00321EA}"
EndProject
Project("{FAE04EC0-301F-11D3-BF4B-00C04F79EFBC}") = "Drm.Server.Tests", "tests\Drm.Server.Tests\Drm.Server.Tests.csproj", "{E63D4188-B5D8-43E9-A17A-F43730DCF255}"
EndProject
Global
	GlobalSection(SolutionConfigurationPlatforms) = preSolution
		Debug|Any CPU = Debug|Any CPU
		Debug|x64 = Debug|x64
		Debug|x86 = Debug|x86
		Release|Any CPU = Release|Any CPU
		Release|x64 = Release|x64
		Release|x86 = Release|x86
	EndGlobalSection
	GlobalSection(ProjectConfigurationPlatforms) = postSolution
		{211F0EB3-9FAB-477C-A02A-44912282A3A0}.Debug|Any CPU.ActiveCfg = Debug|Any CPU
		{211F0EB3-9FAB-477C-A02A-44912282A3A0}.Debug|Any CPU.Build.0 = Debug|Any CPU
		{211F0EB3-9FAB-477C-A02A-44912282A3A0}.Debug|x64.ActiveCfg = Debug|Any CPU
		{211F0EB3-9FAB-477C-A02A-44912282A3A0}.Debug|x64.Build.0 = Debug|Any CPU
		{211F0EB3-9FAB-477C-A02A-44912282A3A0}.Debug|x86.ActiveCfg = Debug|Any CPU
		{211F0EB3-9FAB-477C-A02A-44912282A3A0}.Debug|x86.Build.0 = Debug|Any CPU
		{211F0EB3-9FAB-477C-A02A-44912282A3A0}.Release|Any CPU.ActiveCfg = Release|Any CPU
		{211F0EB3-9FAB-477C-A02A-44912282A3A0}.Release|Any CPU.Build.0 = Release|Any CPU
		{211F0EB3-9FAB-477C-A02A-44912282A3A0}.Release|x64.ActiveCfg = Release|Any CPU
		{211F0EB3-9FAB-477C-A02A-44912282A3A0}.Release|x64.Build.0 = Release|Any CPU
		{211F0EB3-9FAB-477C-A02A-44912282A3A0}.Release|x86.ActiveCfg = Release|Any CPU
		{211F0EB3-9FAB-477C-A02A-44912282A3A0}.Release|x86.Build.0 = Release|Any CPU
		{9033079A-763D-412F-841D-09D57E537139}.Debug|Any CPU.ActiveCfg = Debug|Any CPU
		{9033079A-763D-412F-841D-09D57E537139}.Debug|Any CPU.Build.0 = Debug|Any CPU
		{9033079A-763D-412F-841D-09D57E537139}.Debug|x64.ActiveCfg = Debug|Any CPU
		{9033079A-763D-412F-841D-09D57E537139}.Debug|x64.Build.0 = Debug|Any CPU
		{9033079A-763D-412F-841D-09D57E537139}.Debug|x86.ActiveCfg = Debug|Any CPU
		{9033079A-763D-412F-841D-09D57E537139}.Debug|x86.Build.0 = Debug|Any CPU
		{9033079A-763D-412F-841D-09D57E537139}.Release|Any CPU.ActiveCfg = Release|Any CPU
		{9033079A-763D-412F-841D-09D57E537139}.Release|Any CPU.Build.0 = Release|Any CPU
		{9033079A-763D-412F-841D-09D57E537139}.Release|x64.ActiveCfg = Release|Any CPU
		{9033079A-763D-412F-841D-09D57E537139}.Release|x64.Build.0 = Release|Any CPU
		{9033079A-763D-412F-841D-09D57E537139}.Release|x86.ActiveCfg = Release|Any CPU
		{9033079A-763D-412F-841D-09D57E537139}.Release|x86.Build.0 = Release|Any CPU
		{DC269C9B-D95F-404D-83FC-2783DF23BFE4}.Debug|Any CPU.ActiveCfg = Debug|Any CPU
		{DC269C9B-D95F-404D-83FC-2783DF23BFE4}.Debug|Any CPU.Build.0 = Debug|Any CPU
		{DC269C9B-D95F-404D-83FC-2783DF23BFE4}.Debug|x64.ActiveCfg = Debug|Any CPU
		{DC269C9B-D95F-404D-83FC-2783DF23BFE4}.Debug|x64.Build.0 = Debug|Any CPU
		{DC269C9B-D95F-404D-83FC-2783DF23BFE4}.Debug|x86.ActiveCfg = Debug|Any CPU
		{DC269C9B-D95F-404D-83FC-2783DF23BFE4}.Debug|x86.Build.0 = Debug|Any CPU
		{DC269C9B-D95F-404D-83FC-2783DF23BFE4}.Release|Any CPU.ActiveCfg = Release|Any CPU
		{DC269C9B-D95F-404D-83FC-2783DF23BFE4}.Release|Any CPU.Build.0 = Release|Any CPU
		{DC269C9B-D95F-404D-83FC-2783DF23BFE4}.Release|x64.ActiveCfg = Release|Any CPU
		{DC269C9B-D95F-404D-83FC-2783DF23BFE4}.Release|x64.Build.0 = Release|Any CPU
		{DC269C9B-D95F-404D-83FC-2783DF23BFE4}.Release|x86.ActiveCfg = Release|Any CPU
		{DC269C9B-D95F-404D-83FC-2783DF23BFE4}.Release|x86.Build.0 = Release|Any CPU
		{43A313DE-381A-486B-9CBE-E128B390A25A}.Debug|Any CPU.ActiveCfg = Debug|Any CPU
		{43A313DE-381A-486B-9CBE-E128B390A25A}.Debug|Any CPU.Build.0 = Debug|Any CPU
		{43A313DE-381A-486B-9CBE-E128B390A25A}.Debug|x64.ActiveCfg = Debug|Any CPU
		{43A313DE-381A-486B-9CBE-E128B390A25A}.Debug|x64.Build.0 = Debug|Any CPU
		{43A313DE-381A-486B-9CBE-E128B390A25A}.Debug|x86.ActiveCfg = Debug|Any CPU
		{43A313DE-381A-486B-9CBE-E128B390A25A}.Debug|x86.Build.0 = Debug|Any CPU
		{43A313DE-381A-486B-9CBE-E128B390A25A}.Release|Any CPU.ActiveCfg = Release|Any CPU
		{43A313DE-381A-486B-9CBE-E128B390A25A}.Release|Any CPU.Build.0 = Release|Any CPU
		{43A313DE-381A-486B-9CBE-E128B390A25A}.Release|x64.ActiveCfg = Release|Any CPU
		{43A313DE-381A-486B-9CBE-E128B390A25A}.Release|x64.Build.0 = Release|Any CPU
		{43A313DE-381A-486B-9CBE-E128B390A25A}.Release|x86.ActiveCfg = Release|Any CPU
		{43A313DE-381A-486B-9CBE-E128B390A25A}.Release|x86.Build.0 = Release|Any CPU
		{F9EB3298-2973-4E31-85B7-D10F4DDC9082}.Debug|Any CPU.ActiveCfg = Debug|Any CPU
		{F9EB3298-2973-4E31-85B7-D10F4DDC9082}.Debug|Any CPU.Build.0 = Debug|Any CPU
		{F9EB3298-2973-4E31-85B7-D10F4DDC9082}.Debug|x64.ActiveCfg = Debug|Any CPU
		{F9EB3298-2973-4E31-85B7-D10F4DDC9082}.Debug|x64.Build.0 = Debug|Any CPU
		{F9EB3298-2973-4E31-85B7-D10F4DDC9082}.Debug|x86.ActiveCfg = Debug|Any CPU
		{F9EB3298-2973-4E31-85B7-D10F4DDC9082}.Debug|x86.Build.0 = Debug|Any CPU
		{F9EB3298-2973-4E31-85B7-D10F4DDC9082}.Release|Any CPU.ActiveCfg = Release|Any CPU
		{F9EB3298-2973-4E31-85B7-D10F4DDC9082}.Release|Any CPU.Build.0 = Release|Any CPU
		{F9EB3298-2973-4E31-85B7-D10F4DDC9082}.Release|x64.ActiveCfg = Release|Any CPU
		{F9EB3298-2973-4E31-85B7-D10F4DDC9082}.Release|x64.Build.0 = Release|Any CPU
		{F9EB3298-2973-4E31-85B7-D10F4DDC9082}.Release|x86.ActiveCfg = Release|Any CPU
		{F9EB3298-2973-4E31-85B7-D10F4DDC9082}.Release|x86.Build.0 = Release|Any CPU
		{5F217F51-26C2-4E9D-9DD4-FFB9F0C176A0}.Debug|Any CPU.ActiveCfg = Debug|Any CPU
		{5F217F51-26C2-4E9D-9DD4-FFB9F0C176A0}.Debug|Any CPU.Build.0 = Debug|Any CPU
		{5F217F51-26C2-4E9D-9DD4-FFB9F0C176A0}.Debug|x64.ActiveCfg = Debug|Any CPU
		{5F217F51-26C2-4E9D-9DD4-FFB9F0C176A0}.Debug|x64.Build.0 = Debug|Any CPU
		{5F217F51-26C2-4E9D-9DD4-FFB9F0C176A0}.Debug|x86.ActiveCfg = Debug|Any CPU
		{5F217F51-26C2-4E9D-9DD4-FFB9F0C176A0}.Debug|x86.Build.0 = Debug|Any CPU
		{5F217F51-26C2-4E9D-9DD4-FFB9F0C176A0}.Release|Any CPU.ActiveCfg = Release|Any CPU
		{5F217F51-26C2-4E9D-9DD4-FFB9F0C176A0}.Release|Any CPU.Build.0 = Release|Any CPU
		{5F217F51-26C2-4E9D-9DD4-FFB9F0C176A0}.Release|x64.ActiveCfg = Release|Any CPU
		{5F217F51-26C2-4E9D-9DD4-FFB9F0C176A0}.Release|x64.Build.0 = Release|Any CPU
		{5F217F51-26C2-4E9D-9DD4-FFB9F0C176A0}.Release|x86.ActiveCfg = Release|Any CPU
		{5F217F51-26C2-4E9D-9DD4-FFB9F0C176A0}.Release|x86.Build.0 = Release|Any CPU
		{28ECF69D-83E3-4D63-A163-34E772D04C57}.Debug|Any CPU.ActiveCfg = Debug|Any CPU
		{28ECF69D-83E3-4D63-A163-34E772D04C57}.Debug|Any CPU.Build.0 = Debug|Any CPU
		{28ECF69D-83E3-4D63-A163-34E772D04C57}.Debug|x64.ActiveCfg = Debug|Any CPU
		{28ECF69D-83E3-4D63-A163-34E772D04C57}.Debug|x64.Build.0 = Debug|Any CPU
		{28ECF69D-83E3-4D63-A163-34E772D04C57}.Debug|x86.ActiveCfg = Debug|Any CPU
		{28ECF69D-83E3-4D63-A163-34E772D04C57}.Debug|x86.Build.0 = Debug|Any CPU
		{28ECF69D-83E3-4D63-A163-34E772D04C57}.Release|Any CPU.ActiveCfg = Release|Any CPU
		{28ECF69D-83E3-4D63-A163-34E772D04C57}.Release|Any CPU.Build.0 = Release|Any CPU
		{28ECF69D-83E3-4D63-A163-34E772D04C57}.Release|x64.ActiveCfg = Release|Any CPU
		{28ECF69D-83E3-4D63-A163-34E772D04C57}.Release|x64.Build.0 = Release|Any CPU
		{28ECF69D-83E3-4D63-A163-34E772D04C57}.Release|x86.ActiveCfg = Release|Any CPU
		{28ECF69D-83E3-4D63-A163-34E772D04C57}.Release|x86.Build.0 = Release|Any CPU
		{E537BF3F-10FA-43A8-9018-1D5C489B1065}.Debug|Any CPU.ActiveCfg = Debug|Any CPU
		{E537BF3F-10FA-43A8-9018-1D5C489B1065}.Debug|Any CPU.Build.0 = Debug|Any CPU
		{E537BF3F-10FA-43A8-9018-1D5C489B1065}.Debug|x64.ActiveCfg = Debug|Any CPU
		{E537BF3F-10FA-43A8-9018-1D5C489B1065}.Debug|x64.Build.0 = Debug|Any CPU
		{E537BF3F-10FA-43A8-9018-1D5C489B1065}.Debug|x86.ActiveCfg = Debug|Any CPU
		{E537BF3F-10FA-43A8-9018-1D5C489B1065}.Debug|x86.Build.0 = Debug|Any CPU
		{E537BF3F-10FA-43A8-9018-1D5C489B1065}.Release|Any CPU.ActiveCfg = Release|Any CPU
		{E537BF3F-10FA-43A8-9018-1D5C489B1065}.Release|Any CPU.Build.0 = Release|Any CPU
		{E537BF3F-10FA-43A8-9018-1D5C489B1065}.Release|x64.ActiveCfg = Release|Any CPU
		{E537BF3F-10FA-43A8-9018-1D5C489B1065}.Release|x64.Build.0 = Release|Any CPU
		{E537BF3F-10FA-43A8-9018-1D5C489B1065}.Release|x86.ActiveCfg = Release|Any CPU
		{E537BF3F-10FA-43A8-9018-1D5C489B1065}.Release|x86.Build.0 = Release|Any CPU
		{73ABDE41-7616-485A-B5A6-8AAACCCE9059}.Debug|Any CPU.ActiveCfg = Debug|Any CPU
		{73ABDE41-7616-485A-B5A6-8AAACCCE9059}.Debug|Any CPU.Build.0 = Debug|Any CPU
		{73ABDE41-7616-485A-B5A6-8AAACCCE9059}.Debug|x64.ActiveCfg = Debug|Any CPU
		{73ABDE41-7616-485A-B5A6-8AAACCCE9059}.Debug|x64.Build.0 = Debug|Any CPU
		{73ABDE41-7616-485A-B5A6-8AAACCCE9059}.Debug|x86.ActiveCfg = Debug|Any CPU
		{73ABDE41-7616-485A-B5A6-8AAACCCE9059}.Debug|x86.Build.0 = Debug|Any CPU
		{73ABDE41-7616-485A-B5A6-8AAACCCE9059}.Release|Any CPU.ActiveCfg = Release|Any CPU
		{73ABDE41-7616-485A-B5A6-8AAACCCE9059}.Release|Any CPU.Build.0 = Release|Any CPU
		{73ABDE41-7616-485A-B5A6-8AAACCCE9059}.Release|x64.ActiveCfg = Release|Any CPU
		{73ABDE41-7616-485A-B5A6-8AAACCCE9059}.Release|x64.Build.0 = Release|Any CPU
		{73ABDE41-7616-485A-B5A6-8AAACCCE9059}.Release|x86.ActiveCfg = Release|Any CPU
		{73ABDE41-7616-485A-B5A6-8AAACCCE9059}.Release|x86.Build.0 = Release|Any CPU
		{86BE9BB3-F7E9-41EE-B2C8-3F9E8B68CF2D}.Debug|Any CPU.ActiveCfg = Debug|Any CPU
		{86BE9BB3-F7E9-41EE-B2C8-3F9E8B68CF2D}.Debug|Any CPU.Build.0 = Debug|Any CPU
		{86BE9BB3-F7E9-41EE-B2C8-3F9E8B68CF2D}.Debug|x64.ActiveCfg = Debug|Any CPU
		{86BE9BB3-F7E9-41EE-B2C8-3F9E8B68CF2D}.Debug|x64.Build.0 = Debug|Any CPU
		{86BE9BB3-F7E9-41EE-B2C8-3F9E8B68CF2D}.Debug|x86.ActiveCfg = Debug|Any CPU
		{86BE9BB3-F7E9-41EE-B2C8-3F9E8B68CF2D}.Debug|x86.Build.0 = Debug|Any CPU
		{86BE9BB3-F7E9-41EE-B2C8-3F9E8B68CF2D}.Release|Any CPU.ActiveCfg = Release|Any CPU
		{86BE9BB3-F7E9-41EE-B2C8-3F9E8B68CF2D}.Release|Any CPU.Build.0 = Release|Any CPU
		{86BE9BB3-F7E9-41EE-B2C8-3F9E8B68CF2D}.Release|x64.ActiveCfg = Release|Any CPU
		{86BE9BB3-F7E9-41EE-B2C8-3F9E8B68CF2D}.Release|x64.Build.0 = Release|Any CPU
		{86BE9BB3-F7E9-41EE-B2C8-3F9E8B68CF2D}.Release|x86.ActiveCfg = Release|Any CPU
		{86BE9BB3-F7E9-41EE-B2C8-3F9E8B68CF2D}.Release|x86.Build.0 = Release|Any CPU
		{A2719542-7BC1-4315-A4BF-214984B644B8}.Debug|Any CPU.ActiveCfg = Debug|Any CPU
		{A2719542-7BC1-4315-A4BF-214984B644B8}.Debug|Any CPU.Build.0 = Debug|Any CPU
		{A2719542-7BC1-4315-A4BF-214984B644B8}.Debug|x64.ActiveCfg = Debug|Any CPU
		{A2719542-7BC1-4315-A4BF-214984B644B8}.Debug|x64.Build.0 = Debug|Any CPU
		{A2719542-7BC1-4315-A4BF-214984B644B8}.Debug|x86.ActiveCfg = Debug|Any CPU
		{A2719542-7BC1-4315-A4BF-214984B644B8}.Debug|x86.Build.0 = Debug|Any CPU
		{A2719542-7BC1-4315-A4BF-214984B644B8}.Release|Any CPU.ActiveCfg = Release|Any CPU
		{A2719542-7BC1-4315-A4BF-214984B644B8}.Release|Any CPU.Build.0 = Release|Any CPU
		{A2719542-7BC1-4315-A4BF-214984B644B8}.Release|x64.ActiveCfg = Release|Any CPU
		{A2719542-7BC1-4315-A4BF-214984B644B8}.Release|x64.Build.0 = Release|Any CPU
		{A2719542-7BC1-4315-A4BF-214984B644B8}.Release|x86.ActiveCfg = Release|Any CPU
		{A2719542-7BC1-4315-A4BF-214984B644B8}.Release|x86.Build.0 = Release|Any CPU
		{BC444703-D6B8-40EE-8DE3-72C7C00321EA}.Debug|Any CPU.ActiveCfg = Debug|Any CPU
		{BC444703-D6B8-40EE-8DE3-72C7C00321EA}.Debug|Any CPU.Build.0 = Debug|Any CPU
		{BC444703-D6B8-40EE-8DE3-72C7C00321EA}.Debug|x64.ActiveCfg = Debug|Any CPU
		{BC444703-D6B8-40EE-8DE3-72C7C00321EA}.Debug|x64.Build.0 = Debug|Any CPU
		{BC444703-D6B8-40EE-8DE3-72C7C00321EA}.Debug|x86.ActiveCfg = Debug|Any CPU
		{BC444703-D6B8-40EE-8DE3-72C7C00321EA}.Debug|x86.Build.0 = Debug|Any CPU
		{BC444703-D6B8-40EE-8DE3-72C7C00321EA}.Release|Any CPU.ActiveCfg = Release|Any CPU
		{BC444703-D6B8-40EE-8DE3-72C7C00321EA}.Release|Any CPU.Build.0 = Release|Any CPU
		{BC444703-D6B8-40EE-8DE3-72C7C00321EA}.Release|x64.ActiveCfg = Release|Any CPU
		{BC444703-D6B8-40EE-8DE3-72C7C00321EA}.Release|x64.Build.0 = Release|Any CPU
		{BC444703-D6B8-40EE-8DE3-72C7C00321EA}.Release|x86.ActiveCfg = Release|Any CPU
		{BC444703-D6B8-40EE-8DE3-72C7C00321EA}.Release|x86.Build.0 = Release|Any CPU
		{E63D4188-B5D8-43E9-A17A-F43730DCF255}.Debug|Any CPU.ActiveCfg = Debug|Any CPU
		{E63D4188-B5D8-43E9-A17A-F43730DCF255}.Debug|Any CPU.Build.0 = Debug|Any CPU
		{E63D4188-B5D8-43E9-A17A-F43730DCF255}.Debug|x64.ActiveCfg = Debug|Any CPU
		{E63D4188-B5D8-43E9-A17A-F43730DCF255}.Debug|x64.Build.0 = Debug|Any CPU
		{E63D4188-B5D8-43E9-A17A-F43730DCF255}.Debug|x86.ActiveCfg = Debug|Any CPU
		{E63D4188-B5D8-43E9-A17A-F43730DCF255}.Debug|x86.Build.0 = Debug|Any CPU
		{E63D4188-B5D8-43E9-A17A-F43730DCF255}.Release|Any CPU.ActiveCfg = Release|Any CPU
		{E63D4188-B5D8-43E9-A17A-F43730DCF255}.Release|Any CPU.Build.0 = Release|Any CPU
		{E63D4188-B5D8-43E9-A17A-F43730DCF255}.Release|x64.ActiveCfg = Release|Any CPU
		{E63D4188-B5D8-43E9-A17A-F43730DCF255}.Release|x64.Build.0 = Release|Any CPU
		{E63D4188-B5D8-43E9-A17A-F43730DCF255}.Release|x86.ActiveCfg = Release|Any CPU
		{E63D4188-B5D8-43E9-A17A-F43730DCF255}.Release|x86.Build.0 = Release|Any CPU
	EndGlobalSection
	GlobalSection(SolutionProperties) = preSolution
		HideSolutionNode = FALSE
	EndGlobalSection
	GlobalSection(NestedProjects) = preSolution
		{211F0EB3-9FAB-477C-A02A-44912282A3A0} = {827E0CD3-B72D-47B6-A68D-7590B98EB39B}
		{9033079A-763D-412F-841D-09D57E537139} = {827E0CD3-B72D-47B6-A68D-7590B98EB39B}
		{DC269C9B-D95F-404D-83FC-2783DF23BFE4} = {827E0CD3-B72D-47B6-A68D-7590B98EB39B}
		{43A313DE-381A-486B-9CBE-E128B390A25A} = {827E0CD3-B72D-47B6-A68D-7590B98EB39B}
		{F9EB3298-2973-4E31-85B7-D10F4DDC9082} = {827E0CD3-B72D-47B6-A68D-7590B98EB39B}
		{5F217F51-26C2-4E9D-9DD4-FFB9F0C176A0} = {827E0CD3-B72D-47B6-A68D-7590B98EB39B}
		{28ECF69D-83E3-4D63-A163-34E772D04C57} = {827E0CD3-B72D-47B6-A68D-7590B98EB39B}
		{E537BF3F-10FA-43A8-9018-1D5C489B1065} = {827E0CD3-B72D-47B6-A68D-7590B98EB39B}
		{73ABDE41-7616-485A-B5A6-8AAACCCE9059} = {0AB3BF05-4346-4AA6-1389-037BE0695223}
		{86BE9BB3-F7E9-41EE-B2C8-3F9E8B68CF2D} = {0AB3BF05-4346-4AA6-1389-037BE0695223}
		{A2719542-7BC1-4315-A4BF-214984B644B8} = {0AB3BF05-4346-4AA6-1389-037BE0695223}
		{BC444703-D6B8-40EE-8DE3-72C7C00321EA} = {0AB3BF05-4346-4AA6-1389-037BE0695223}
		{E63D4188-B5D8-43E9-A17A-F43730DCF255} = {0AB3BF05-4346-4AA6-1389-037BE0695223}
	EndGlobalSection
EndGlobal
